
Microsoft Visual Studio Solution File, Format Version 12.00
# Visual Studio Version 17
VisualStudioVersion = 17.10.35122.118
MinimumVisualStudioVersion = 10.0.40219.1
Project("{FAE04EC0-301F-11D3-BF4B-00C04F79EFBC}") = "NetworkP3Server", "NetworkP3Server\NetworkP3Server.csproj", "{A6BDD2C7-6953-4874-8384-C050F91309F6}"
EndProject
Global
	GlobalSection(SolutionConfigurationPlatforms) = preSolution
		Debug|Any CPU = Debug|Any CPU
		Release|Any CPU = Release|Any CPU
	EndGlobalSection
	GlobalSection(ProjectConfigurationPlatforms) = postSolution
		{A6BDD2C7-6953-4874-8384-C050F91309F6}.Debug|Any CPU.ActiveCfg = Debug|Any CPU
		{A6BDD2C7-6953-4874-8384-C050F91309F6}.Debug|Any CPU.Build.0 = Debug|Any CPU
		{A6BDD2C7-6953-4874-8384-C050F91309F6}.Release|Any CPU.ActiveCfg = Release|Any CPU
		{A6BDD2C7-6953-4874-8384-C050F91309F6}.Release|Any CPU.Build.0 = Release|Any CPU
	EndGlobalSection
	GlobalSection(SolutionProperties) = preSolution
		HideSolutionNode = FALSE
	EndGlobalSection
	GlobalSection(ExtensibilityGlobals) = postSolution
		SolutionGuid = {FF5D4BFD-D1BF-47D4-8044-ED0722E8FA75}
	EndGlobalSection
EndGlobal
