
Microsoft Visual Studio Solution File, Format Version 12.00
# Visual Studio Version 17
VisualStudioVersion = 17.10.35122.118
MinimumVisualStudioVersion = 10.0.40219.1
Project("{FAE04EC0-301F-11D3-BF4B-00C04F79EFBC}") = "AsyncBase", "AsyncBase\AsyncBase.csproj", "{EF2EB43F-3AA3-404C-B14C-CA34686E487B}"
EndProject
Global
	GlobalSection(SolutionConfigurationPlatforms) = preSolution
		Debug|Any CPU = Debug|Any CPU
		Release|Any CPU = Release|Any CPU
	EndGlobalSection
	GlobalSection(ProjectConfigurationPlatforms) = postSolution
		{EF2EB43F-3AA3-404C-B14C-CA34686E487B}.Debug|Any CPU.ActiveCfg = Debug|Any CPU
		{EF2EB43F-3AA3-404C-B14C-CA34686E487B}.Debug|Any CPU.Build.0 = Debug|Any CPU
		{EF2EB43F-3AA3-404C-B14C-CA34686E487B}.Release|Any CPU.ActiveCfg = Release|Any CPU
		{EF2EB43F-3AA3-404C-B14C-CA34686E487B}.Release|Any CPU.Build.0 = Release|Any CPU
	EndGlobalSection
	GlobalSection(SolutionProperties) = preSolution
		HideSolutionNode = FALSE
	EndGlobalSection
	GlobalSection(ExtensibilityGlobals) = postSolution
		SolutionGuid = {44EAE0F3-2AD3-4AA9-99FC-8E70E2320CF1}
	EndGlobalSection
EndGlobal
