
Microsoft Visual Studio Solution File, Format Version 12.00
# Visual Studio Version 17
VisualStudioVersion = 17.10.35122.118
MinimumVisualStudioVersion = 10.0.40219.1
Project("{FAE04EC0-301F-11D3-BF4B-00C04F79EFBC}") = "CollectionsAndStruct", "CollectionsAndStruct\CollectionsAndStruct.csproj", "{4B293215-B653-4ACA-9212-CA40A53423EA}"
EndProject
Global
	GlobalSection(SolutionConfigurationPlatforms) = preSolution
		Debug|Any CPU = Debug|Any CPU
		Release|Any CPU = Release|Any CPU
	EndGlobalSection
	GlobalSection(ProjectConfigurationPlatforms) = postSolution
		{4B293215-B653-4ACA-9212-CA40A53423EA}.Debug|Any CPU.ActiveCfg = Debug|Any CPU
		{4B293215-B653-4ACA-9212-CA40A53423EA}.Debug|Any CPU.Build.0 = Debug|Any CPU
		{4B293215-B653-4ACA-9212-CA40A53423EA}.Release|Any CPU.ActiveCfg = Release|Any CPU
		{4B293215-B653-4ACA-9212-CA40A53423EA}.Release|Any CPU.Build.0 = Release|Any CPU
	EndGlobalSection
	GlobalSection(SolutionProperties) = preSolution
		HideSolutionNode = FALSE
	EndGlobalSection
	GlobalSection(ExtensibilityGlobals) = postSolution
		SolutionGuid = {32074A58-2148-46A5-B5CC-D75F33BB1A53}
	EndGlobalSection
EndGlobal
