
Microsoft Visual Studio Solution File, Format Version 12.00
# Visual Studio Version 17
VisualStudioVersion = 17.11.35303.130
MinimumVisualStudioVersion = 10.0.40219.1
Project("{FAE04EC0-301F-11D3-BF4B-00C04F79EFBC}") = "ArraysAndStrings", "ArraysAndStrings\ArraysAndStrings.csproj", "{4649ACB3-BBAA-438B-8F67-993798F7BC77}"
EndProject
Global
	GlobalSection(SolutionConfigurationPlatforms) = preSolution
		Debug|Any CPU = Debug|Any CPU
		Release|Any CPU = Release|Any CPU
	EndGlobalSection
	GlobalSection(ProjectConfigurationPlatforms) = postSolution
		{4649ACB3-BBAA-438B-8F67-993798F7BC77}.Debug|Any CPU.ActiveCfg = Debug|Any CPU
		{4649ACB3-BBAA-438B-8F67-993798F7BC77}.Debug|Any CPU.Build.0 = Debug|Any CPU
		{4649ACB3-BBAA-438B-8F67-993798F7BC77}.Release|Any CPU.ActiveCfg = Release|Any CPU
		{4649ACB3-BBAA-438B-8F67-993798F7BC77}.Release|Any CPU.Build.0 = Release|Any CPU
	EndGlobalSection
	GlobalSection(SolutionProperties) = preSolution
		HideSolutionNode = FALSE
	EndGlobalSection
	GlobalSection(ExtensibilityGlobals) = postSolution
		SolutionGuid = {E6D8FB55-7FF5-46E6-BBCD-19BBB75A8468}
	EndGlobalSection
EndGlobal
