
Microsoft Visual Studio Solution File, Format Version 12.00
# Visual Studio Version 17
VisualStudioVersion = 17.10.35122.118
MinimumVisualStudioVersion = 10.0.40219.1
Project("{FAE04EC0-301F-11D3-BF4B-00C04F79EFBC}") = "EntityFrameWork", "EntityFrameWork\EntityFrameWork.csproj", "{8BE1E07F-84BE-4A7E-BC59-DC4082DD26DD}"
EndProject
Global
	GlobalSection(SolutionConfigurationPlatforms) = preSolution
		Debug|Any CPU = Debug|Any CPU
		Release|Any CPU = Release|Any CPU
	EndGlobalSection
	GlobalSection(ProjectConfigurationPlatforms) = postSolution
		{8BE1E07F-84BE-4A7E-BC59-DC4082DD26DD}.Debug|Any CPU.ActiveCfg = Debug|Any CPU
		{8BE1E07F-84BE-4A7E-BC59-DC4082DD26DD}.Debug|Any CPU.Build.0 = Debug|Any CPU
		{8BE1E07F-84BE-4A7E-BC59-DC4082DD26DD}.Release|Any CPU.ActiveCfg = Release|Any CPU
		{8BE1E07F-84BE-4A7E-BC59-DC4082DD26DD}.Release|Any CPU.Build.0 = Release|Any CPU
	EndGlobalSection
	GlobalSection(SolutionProperties) = preSolution
		HideSolutionNode = FALSE
	EndGlobalSection
	GlobalSection(ExtensibilityGlobals) = postSolution
		SolutionGuid = {1590DB4F-C89F-4EF8-8C04-70A53B5A7DF9}
	EndGlobalSection
EndGlobal
